
Microsoft Visual Studio Solution File, Format Version 12.00
# Visual Studio Version 17
VisualStudioVersion = 17.7.34003.232
MinimumVisualStudioVersion = 10.0.40219.1
Project("{2150E333-8FDC-42A3-9474-1A3956D46DE8}") = "src", "src", "{3F77611C-B848-4FB2-9DB3-27CF267A19F3}"
EndProject
Project("{2150E333-8FDC-42A3-9474-1A3956D46DE8}") = "Solution Items", "Solution Items", "{E505D3D9-59DF-4876-802D-854ADFFE1C1E}"
	ProjectSection(SolutionItems) = preProject
		ServiceUrls.txt = ServiceUrls.txt
	EndProjectSection
EndProject
Project("{2150E333-8FDC-42A3-9474-1A3956D46DE8}") = "ApiGateways", "ApiGateways", "{066DC1A0-4519-4FF2-B22F-874E2D444591}"
EndProject
Project("{2150E333-8FDC-42A3-9474-1A3956D46DE8}") = "BuildingBlocks", "BuildingBlocks", "{B8F42C02-7FDB-4410-9C84-2F31545114AA}"
EndProject
Project("{2150E333-8FDC-42A3-9474-1A3956D46DE8}") = "Services", "Services", "{F9E9E102-7C7C-4ABA-A196-C1A871DD1028}"
EndProject
Project("{2150E333-8FDC-42A3-9474-1A3956D46DE8}") = "Clients", "Clients", "{041E558D-CA76-4F14-B60C-8A81B01D1E51}"
EndProject
Project("{2150E333-8FDC-42A3-9474-1A3956D46DE8}") = "WebApiGateway", "WebApiGateway", "{B472F676-A78C-4068-A38E-DF4033684AA5}"
EndProject
Project("{FAE04EC0-301F-11D3-BF4B-00C04F79EFBC}") = "Web.ApiGateway", "src\ApiGateways\WebApiGateway\Web.ApiGateway\Web.ApiGateway.csproj", "{FB397B50-DD01-4DE0-90AB-351B152EAD1F}"
EndProject
Project("{2150E333-8FDC-42A3-9474-1A3956D46DE8}") = "EventBus", "EventBus", "{EB192FBB-D585-4580-8943-434F57619711}"
EndProject
Project("{FAE04EC0-301F-11D3-BF4B-00C04F79EFBC}") = "EventBus.Base", "src\BuildingBlocks\EventBus\EventBus.Base\EventBus.Base.csproj", "{8BC774A1-3D2E-4236-BCAF-11972FA84D8F}"
EndProject
Project("{FAE04EC0-301F-11D3-BF4B-00C04F79EFBC}") = "EventBus.Factory", "src\BuildingBlocks\EventBus\EventBus.Factory\EventBus.Factory.csproj", "{AD98A543-BE0F-49CA-A700-EA46CEBF053E}"
EndProject
Project("{FAE04EC0-301F-11D3-BF4B-00C04F79EFBC}") = "EventBus.AzureServiceBus", "src\BuildingBlocks\EventBus\EventBus.AzureServiceBus\EventBus.AzureServiceBus.csproj", "{88C5A193-3D70-40E8-8B7F-685E334AF843}"
EndProject
Project("{FAE04EC0-301F-11D3-BF4B-00C04F79EFBC}") = "EventBus.RabbitMQ", "src\BuildingBlocks\EventBus\EventBus.RabbitMQ\EventBus.RabbitMQ.csproj", "{9FBE842E-FFFA-49A6-BB5E-757F3052C2E2}"
EndProject
Project("{2150E333-8FDC-42A3-9474-1A3956D46DE8}") = "BlazorWebApp", "BlazorWebApp", "{354DCF6C-CA54-44EC-9845-E5C2FDD70C83}"
EndProject
Project("{FAE04EC0-301F-11D3-BF4B-00C04F79EFBC}") = "WebApp", "src\Clients\BlazorWebApp\WebApp\WebApp.csproj", "{80C88EA5-0D3A-4BC2-9037-9C9308607004}"
EndProject
Project("{2150E333-8FDC-42A3-9474-1A3956D46DE8}") = "BasketService", "BasketService", "{CAF67787-A8EE-4D9F-86F9-0F837F68C06A}"
EndProject
Project("{FAE04EC0-301F-11D3-BF4B-00C04F79EFBC}") = "BasketService.Api", "src\Services\BasketService\BasketService.Api\BasketService.Api.csproj", "{96B397D4-58CE-4AAA-B7FC-44A13D955825}"
EndProject
Project("{2150E333-8FDC-42A3-9474-1A3956D46DE8}") = "CatalogService", "CatalogService", "{32C3C879-12E6-41C0-9E94-156E248D8139}"
EndProject
Project("{FAE04EC0-301F-11D3-BF4B-00C04F79EFBC}") = "CatalogService.Api", "src\Services\CatalogService\CatalogService.Api\CatalogService.Api.csproj", "{8633253C-B57F-4936-A189-27485EC95328}"
EndProject
Project("{2150E333-8FDC-42A3-9474-1A3956D46DE8}") = "IdentityService", "IdentityService", "{3998965D-DDE3-43D5-A8FD-EB42BC3D4B76}"
EndProject
Project("{FAE04EC0-301F-11D3-BF4B-00C04F79EFBC}") = "IdentityService.Api", "src\Services\IdentityService\IdentityService.Api\IdentityService.Api.csproj", "{37C74CEF-6090-45F2-BED1-AB6FA536322A}"
EndProject
Project("{2150E333-8FDC-42A3-9474-1A3956D46DE8}") = "NotificationService", "NotificationService", "{18889C37-3020-4627-9620-12B5A0335171}"
EndProject
Project("{FAE04EC0-301F-11D3-BF4B-00C04F79EFBC}") = "NotificationService", "src\Services\NotificationService\NotificationService\NotificationService.csproj", "{86419835-CF27-4092-BC46-9AA878AA3D87}"
EndProject
Project("{2150E333-8FDC-42A3-9474-1A3956D46DE8}") = "OrderService", "OrderService", "{ACC3E9DC-8CE7-4A21-864B-AC146794F1A7}"
EndProject
Project("{FAE04EC0-301F-11D3-BF4B-00C04F79EFBC}") = "OrderService.Domain", "src\Services\OrderService\OrderService.Domain\OrderService.Domain.csproj", "{2EC174BE-2108-457E-99E8-727D3C1B5003}"
EndProject
Project("{FAE04EC0-301F-11D3-BF4B-00C04F79EFBC}") = "OrderService.Application", "src\Services\OrderService\OrderService.Application\OrderService.Application.csproj", "{54FD562E-5B63-4B7A-A24B-640DC9D9B188}"
EndProject
Project("{FAE04EC0-301F-11D3-BF4B-00C04F79EFBC}") = "OrderService.Infrastructure", "src\Services\OrderService\OrderService.Infrastructure\OrderService.Infrastructure.csproj", "{35F60C9A-BE5C-40C0-98BB-36285B0B9C70}"
EndProject
Project("{FAE04EC0-301F-11D3-BF4B-00C04F79EFBC}") = "OrderService.Api", "src\Services\OrderService\OrderService.Api\OrderService.Api.csproj", "{DBBE612A-1741-41EB-97F8-863C23FFE7C4}"
EndProject
Project("{2150E333-8FDC-42A3-9474-1A3956D46DE8}") = "PaymentService", "PaymentService", "{078F462E-FCF5-452D-B0D0-D2B56D3121D5}"
EndProject
Project("{FAE04EC0-301F-11D3-BF4B-00C04F79EFBC}") = "PaymentService.Api", "src\Services\PaymentService\PaymentService.Api\PaymentService.Api.csproj", "{78BBC40D-4EA7-47A4-BC44-8B1D4D220D15}"
EndProject
Global
	GlobalSection(SolutionConfigurationPlatforms) = preSolution
		Debug|Any CPU = Debug|Any CPU
		Release|Any CPU = Release|Any CPU
	EndGlobalSection
	GlobalSection(ProjectConfigurationPlatforms) = postSolution
		{FB397B50-DD01-4DE0-90AB-351B152EAD1F}.Debug|Any CPU.ActiveCfg = Debug|Any CPU
		{FB397B50-DD01-4DE0-90AB-351B152EAD1F}.Debug|Any CPU.Build.0 = Debug|Any CPU
		{FB397B50-DD01-4DE0-90AB-351B152EAD1F}.Release|Any CPU.ActiveCfg = Release|Any CPU
		{FB397B50-DD01-4DE0-90AB-351B152EAD1F}.Release|Any CPU.Build.0 = Release|Any CPU
		{8BC774A1-3D2E-4236-BCAF-11972FA84D8F}.Debug|Any CPU.ActiveCfg = Debug|Any CPU
		{8BC774A1-3D2E-4236-BCAF-11972FA84D8F}.Debug|Any CPU.Build.0 = Debug|Any CPU
		{8BC774A1-3D2E-4236-BCAF-11972FA84D8F}.Release|Any CPU.ActiveCfg = Release|Any CPU
		{8BC774A1-3D2E-4236-BCAF-11972FA84D8F}.Release|Any CPU.Build.0 = Release|Any CPU
		{AD98A543-BE0F-49CA-A700-EA46CEBF053E}.Debug|Any CPU.ActiveCfg = Debug|Any CPU
		{AD98A543-BE0F-49CA-A700-EA46CEBF053E}.Debug|Any CPU.Build.0 = Debug|Any CPU
		{AD98A543-BE0F-49CA-A700-EA46CEBF053E}.Release|Any CPU.ActiveCfg = Release|Any CPU
		{AD98A543-BE0F-49CA-A700-EA46CEBF053E}.Release|Any CPU.Build.0 = Release|Any CPU
		{88C5A193-3D70-40E8-8B7F-685E334AF843}.Debug|Any CPU.ActiveCfg = Debug|Any CPU
		{88C5A193-3D70-40E8-8B7F-685E334AF843}.Debug|Any CPU.Build.0 = Debug|Any CPU
		{88C5A193-3D70-40E8-8B7F-685E334AF843}.Release|Any CPU.ActiveCfg = Release|Any CPU
		{88C5A193-3D70-40E8-8B7F-685E334AF843}.Release|Any CPU.Build.0 = Release|Any CPU
		{9FBE842E-FFFA-49A6-BB5E-757F3052C2E2}.Debug|Any CPU.ActiveCfg = Debug|Any CPU
		{9FBE842E-FFFA-49A6-BB5E-757F3052C2E2}.Debug|Any CPU.Build.0 = Debug|Any CPU
		{9FBE842E-FFFA-49A6-BB5E-757F3052C2E2}.Release|Any CPU.ActiveCfg = Release|Any CPU
		{9FBE842E-FFFA-49A6-BB5E-757F3052C2E2}.Release|Any CPU.Build.0 = Release|Any CPU
		{80C88EA5-0D3A-4BC2-9037-9C9308607004}.Debug|Any CPU.ActiveCfg = Debug|Any CPU
		{80C88EA5-0D3A-4BC2-9037-9C9308607004}.Debug|Any CPU.Build.0 = Debug|Any CPU
		{80C88EA5-0D3A-4BC2-9037-9C9308607004}.Release|Any CPU.ActiveCfg = Release|Any CPU
		{80C88EA5-0D3A-4BC2-9037-9C9308607004}.Release|Any CPU.Build.0 = Release|Any CPU
		{96B397D4-58CE-4AAA-B7FC-44A13D955825}.Debug|Any CPU.ActiveCfg = Debug|Any CPU
		{96B397D4-58CE-4AAA-B7FC-44A13D955825}.Debug|Any CPU.Build.0 = Debug|Any CPU
		{96B397D4-58CE-4AAA-B7FC-44A13D955825}.Release|Any CPU.ActiveCfg = Release|Any CPU
		{96B397D4-58CE-4AAA-B7FC-44A13D955825}.Release|Any CPU.Build.0 = Release|Any CPU
		{8633253C-B57F-4936-A189-27485EC95328}.Debug|Any CPU.ActiveCfg = Debug|Any CPU
		{8633253C-B57F-4936-A189-27485EC95328}.Debug|Any CPU.Build.0 = Debug|Any CPU
		{8633253C-B57F-4936-A189-27485EC95328}.Release|Any CPU.ActiveCfg = Release|Any CPU
		{8633253C-B57F-4936-A189-27485EC95328}.Release|Any CPU.Build.0 = Release|Any CPU
		{37C74CEF-6090-45F2-BED1-AB6FA536322A}.Debug|Any CPU.ActiveCfg = Debug|Any CPU
		{37C74CEF-6090-45F2-BED1-AB6FA536322A}.Debug|Any CPU.Build.0 = Debug|Any CPU
		{37C74CEF-6090-45F2-BED1-AB6FA536322A}.Release|Any CPU.ActiveCfg = Release|Any CPU
		{37C74CEF-6090-45F2-BED1-AB6FA536322A}.Release|Any CPU.Build.0 = Release|Any CPU
		{86419835-CF27-4092-BC46-9AA878AA3D87}.Debug|Any CPU.ActiveCfg = Debug|Any CPU
		{86419835-CF27-4092-BC46-9AA878AA3D87}.Debug|Any CPU.Build.0 = Debug|Any CPU
		{86419835-CF27-4092-BC46-9AA878AA3D87}.Release|Any CPU.ActiveCfg = Release|Any CPU
		{86419835-CF27-4092-BC46-9AA878AA3D87}.Release|Any CPU.Build.0 = Release|Any CPU
		{2EC174BE-2108-457E-99E8-727D3C1B5003}.Debug|Any CPU.ActiveCfg = Debug|Any CPU
		{2EC174BE-2108-457E-99E8-727D3C1B5003}.Debug|Any CPU.Build.0 = Debug|Any CPU
		{2EC174BE-2108-457E-99E8-727D3C1B5003}.Release|Any CPU.ActiveCfg = Release|Any CPU
		{2EC174BE-2108-457E-99E8-727D3C1B5003}.Release|Any CPU.Build.0 = Release|Any CPU
		{54FD562E-5B63-4B7A-A24B-640DC9D9B188}.Debug|Any CPU.ActiveCfg = Debug|Any CPU
		{54FD562E-5B63-4B7A-A24B-640DC9D9B188}.Debug|Any CPU.Build.0 = Debug|Any CPU
		{54FD562E-5B63-4B7A-A24B-640DC9D9B188}.Release|Any CPU.ActiveCfg = Release|Any CPU
		{54FD562E-5B63-4B7A-A24B-640DC9D9B188}.Release|Any CPU.Build.0 = Release|Any CPU
		{35F60C9A-BE5C-40C0-98BB-36285B0B9C70}.Debug|Any CPU.ActiveCfg = Debug|Any CPU
		{35F60C9A-BE5C-40C0-98BB-36285B0B9C70}.Debug|Any CPU.Build.0 = Debug|Any CPU
		{35F60C9A-BE5C-40C0-98BB-36285B0B9C70}.Release|Any CPU.ActiveCfg = Release|Any CPU
		{35F60C9A-BE5C-40C0-98BB-36285B0B9C70}.Release|Any CPU.Build.0 = Release|Any CPU
		{DBBE612A-1741-41EB-97F8-863C23FFE7C4}.Debug|Any CPU.ActiveCfg = Debug|Any CPU
		{DBBE612A-1741-41EB-97F8-863C23FFE7C4}.Debug|Any CPU.Build.0 = Debug|Any CPU
		{DBBE612A-1741-41EB-97F8-863C23FFE7C4}.Release|Any CPU.ActiveCfg = Release|Any CPU
		{DBBE612A-1741-41EB-97F8-863C23FFE7C4}.Release|Any CPU.Build.0 = Release|Any CPU
		{78BBC40D-4EA7-47A4-BC44-8B1D4D220D15}.Debug|Any CPU.ActiveCfg = Debug|Any CPU
		{78BBC40D-4EA7-47A4-BC44-8B1D4D220D15}.Debug|Any CPU.Build.0 = Debug|Any CPU
		{78BBC40D-4EA7-47A4-BC44-8B1D4D220D15}.Release|Any CPU.ActiveCfg = Release|Any CPU
		{78BBC40D-4EA7-47A4-BC44-8B1D4D220D15}.Release|Any CPU.Build.0 = Release|Any CPU
	EndGlobalSection
	GlobalSection(SolutionProperties) = preSolution
		HideSolutionNode = FALSE
	EndGlobalSection
	GlobalSection(NestedProjects) = preSolution
		{066DC1A0-4519-4FF2-B22F-874E2D444591} = {3F77611C-B848-4FB2-9DB3-27CF267A19F3}
		{B8F42C02-7FDB-4410-9C84-2F31545114AA} = {3F77611C-B848-4FB2-9DB3-27CF267A19F3}
		{F9E9E102-7C7C-4ABA-A196-C1A871DD1028} = {3F77611C-B848-4FB2-9DB3-27CF267A19F3}
		{041E558D-CA76-4F14-B60C-8A81B01D1E51} = {3F77611C-B848-4FB2-9DB3-27CF267A19F3}
		{B472F676-A78C-4068-A38E-DF4033684AA5} = {066DC1A0-4519-4FF2-B22F-874E2D444591}
		{FB397B50-DD01-4DE0-90AB-351B152EAD1F} = {B472F676-A78C-4068-A38E-DF4033684AA5}
		{EB192FBB-D585-4580-8943-434F57619711} = {B8F42C02-7FDB-4410-9C84-2F31545114AA}
		{8BC774A1-3D2E-4236-BCAF-11972FA84D8F} = {EB192FBB-D585-4580-8943-434F57619711}
		{AD98A543-BE0F-49CA-A700-EA46CEBF053E} = {EB192FBB-D585-4580-8943-434F57619711}
		{88C5A193-3D70-40E8-8B7F-685E334AF843} = {EB192FBB-D585-4580-8943-434F57619711}
		{9FBE842E-FFFA-49A6-BB5E-757F3052C2E2} = {EB192FBB-D585-4580-8943-434F57619711}
		{354DCF6C-CA54-44EC-9845-E5C2FDD70C83} = {041E558D-CA76-4F14-B60C-8A81B01D1E51}
		{80C88EA5-0D3A-4BC2-9037-9C9308607004} = {354DCF6C-CA54-44EC-9845-E5C2FDD70C83}
		{CAF67787-A8EE-4D9F-86F9-0F837F68C06A} = {F9E9E102-7C7C-4ABA-A196-C1A871DD1028}
		{96B397D4-58CE-4AAA-B7FC-44A13D955825} = {CAF67787-A8EE-4D9F-86F9-0F837F68C06A}
		{32C3C879-12E6-41C0-9E94-156E248D8139} = {F9E9E102-7C7C-4ABA-A196-C1A871DD1028}
		{8633253C-B57F-4936-A189-27485EC95328} = {32C3C879-12E6-41C0-9E94-156E248D8139}
		{3998965D-DDE3-43D5-A8FD-EB42BC3D4B76} = {F9E9E102-7C7C-4ABA-A196-C1A871DD1028}
		{37C74CEF-6090-45F2-BED1-AB6FA536322A} = {3998965D-DDE3-43D5-A8FD-EB42BC3D4B76}
		{18889C37-3020-4627-9620-12B5A0335171} = {F9E9E102-7C7C-4ABA-A196-C1A871DD1028}
		{86419835-CF27-4092-BC46-9AA878AA3D87} = {18889C37-3020-4627-9620-12B5A0335171}
		{ACC3E9DC-8CE7-4A21-864B-AC146794F1A7} = {F9E9E102-7C7C-4ABA-A196-C1A871DD1028}
		{2EC174BE-2108-457E-99E8-727D3C1B5003} = {ACC3E9DC-8CE7-4A21-864B-AC146794F1A7}
		{54FD562E-5B63-4B7A-A24B-640DC9D9B188} = {ACC3E9DC-8CE7-4A21-864B-AC146794F1A7}
		{35F60C9A-BE5C-40C0-98BB-36285B0B9C70} = {ACC3E9DC-8CE7-4A21-864B-AC146794F1A7}
		{DBBE612A-1741-41EB-97F8-863C23FFE7C4} = {ACC3E9DC-8CE7-4A21-864B-AC146794F1A7}
		{078F462E-FCF5-452D-B0D0-D2B56D3121D5} = {F9E9E102-7C7C-4ABA-A196-C1A871DD1028}
		{78BBC40D-4EA7-47A4-BC44-8B1D4D220D15} = {078F462E-FCF5-452D-B0D0-D2B56D3121D5}
	EndGlobalSection
	GlobalSection(ExtensibilityGlobals) = postSolution
		SolutionGuid = {F8E61C1E-558D-4F9C-A32C-6DB10BD10A49}
	EndGlobalSection
EndGlobal
